<?xml version="1.0" encoding="utf-8"?>
<Project ToolsVersion="4.0" xmlns="http://schemas.microsoft.com/developer/msbuild/2003">
  <ItemGroup>
    <Filter Include="Source Files">
      <UniqueIdentifier>{4FC737F1-C7A5-4376-A066-2A32D752A2FF}</UniqueIdentifier>
      <Extensions>cpp;c;cc;cxx;def;odl;idl;hpj;bat;asm;asmx</Extensions>
    </Filter>
    <Filter Include="Header Files">
      <UniqueIdentifier>{93995380-89BD-4b04-88EB-625FBE52EBFB}</UniqueIdentifier>
      <Extensions>h;hh;hpp;hxx;hm;inl;inc;xsd</Extensions>
    </Filter>
    <Filter Include="Kernels">
      <UniqueIdentifier>{de37292c-27b9-4f9f-a7ab-3a515b054d66}</UniqueIdentifier>
    </Filter>
    <Filter Include="thirdparty">
      <UniqueIdentifier>{de96fb89-e5ad-46ca-a787-c80cc7a5673a}</UniqueIdentifier>
    </Filter>
    <Filter Include="shaders">
      <UniqueIdentifier>{8d18a4d2-7c95-4fb9-9a7e-b26d7bae8c24}</UniqueIdentifier>
    </Filter>
  </ItemGroup>
  <ItemGroup>
    <ClCompile Include="BHQuadtreeNode.cpp">
      <Filter>Source Files</Filter>
    </ClCompile>
    <ClCompile Include="main.cpp">
      <Filter>Source Files</Filter>
    </ClCompile>
    <ClCompile Include="Particle.cpp">
      <Filter>Source Files</Filter>
    </ClCompile>
    <ClCompile Include="ParticleDisplay.cpp">
      <Filter>Source Files</Filter>
    </ClCompile>
    <ClCompile Include="ParticleSystem.cpp">
      <Filter>Source Files</Filter>
    </ClCompile>
    <ClCompile Include="Shader.cpp">
      <Filter>Source Files</Filter>
    </ClCompile>
    <ClCompile Include="thirdparty\glad.c">
      <Filter>thirdparty</Filter>
    </ClCompile>
    <ClCompile Include="OpenCLManager.cpp">
      <Filter>Source Files</Filter>
    </ClCompile>
  </ItemGroup>
  <ItemGroup>
    <ClInclude Include="BHQuadtreeNode.h">
      <Filter>Header Files</Filter>
    </ClInclude>
    <ClInclude Include="Particle.h">
      <Filter>Header Files</Filter>
    </ClInclude>
    <ClInclude Include="ParticleDisplay.h">
      <Filter>Header Files</Filter>
    </ClInclude>
    <ClInclude Include="ParticleSystem.h">
      <Filter>Header Files</Filter>
    </ClInclude>
    <ClInclude Include="Shader.h">
      <Filter>Header Files</Filter>
    </ClInclude>
    <ClInclude Include="OpenCLManager.h">
      <Filter>Header Files</Filter>
    </ClInclude>
    <ClInclude Include="SimulationConstants.h">
      <Filter>Header Files</Filter>
    </ClInclude>
    <ClInclude Include="OpenCLHelper.h">
      <Filter>Header Files</Filter>
    </ClInclude>
  </ItemGroup>
  <ItemGroup>
    <None Include="kernels.cl">
      <Filter>Kernels</Filter>
    </None>
    <None Include="shaders\fragment.shader">
      <Filter>shaders</Filter>
    </None>
    <None Include="shaders\vertex.shader">
      <Filter>shaders</Filter>
    </None>
    <None Include="integrateKernel.cl">
      <Filter>Kernels</Filter>
    </None>
    <None Include="computeForcesKernel.cl">
      <Filter>Kernels</Filter>
    </None>
    <None Include="resetQuadtreeKernel.cl">
      <Filter>Kernels</Filter>
    </None>
    <None Include="bruteForceKernel.cl">
      <Filter>Kernels</Filter>
    </None>
    <None Include="vboKernel.cl">
      <Filter>Kernels</Filter>
    </None>
    <None Include="minmaxKernel.cl">
      <Filter>Kernels</Filter>
    </None>
  </ItemGroup>
</Project>